
Microsoft Visual Studio Solution File, Format Version 12.00
# Visual Studio Version 17
VisualStudioVersion = 17.7.34202.233
MinimumVisualStudioVersion = 10.0.40219.1
Project("{2150E333-8FDC-42A3-9474-1A3956D46DE8}") = "01-FRONTEND", "01-FRONTEND", "{1D45B888-5341-40B2-AF69-652603A59436}"
EndProject
Project("{2150E333-8FDC-42A3-9474-1A3956D46DE8}") = "02-BACKEND", "02-BACKEND", "{160763C6-DD15-4438-A051-138BAF4F3689}"
EndProject
Project("{2150E333-8FDC-42A3-9474-1A3956D46DE8}") = "03-INFRAESTRUCTURA", "03-INFRAESTRUCTURA", "{14A787D0-7779-4B84-AE49-AE69455BA3A9}"
EndProject
Project("{2150E333-8FDC-42A3-9474-1A3956D46DE8}") = "01-SITIO", "01-SITIO", "{2F6199AE-4876-43D4-BCA0-FE53F45C8E22}"
EndProject
Project("{2150E333-8FDC-42A3-9474-1A3956D46DE8}") = "02-SITIO-CORE", "02-SITIO-CORE", "{F9DF888E-2949-40D8-B3F0-18D598BFEF64}"
EndProject
Project("{2150E333-8FDC-42A3-9474-1A3956D46DE8}") = "01-APIs", "01-APIs", "{863DFD3A-FB01-4616-9DF5-86BF15679496}"
EndProject
Project("{2150E333-8FDC-42A3-9474-1A3956D46DE8}") = "02-API_CORE", "02-API_CORE", "{DBF2C37F-382D-4DD5-88D6-C88B05A3B73B}"
EndProject
Project("{2150E333-8FDC-42A3-9474-1A3956D46DE8}") = "03-API-INFRAESTRUCTURA", "03-API-INFRAESTRUCTURA", "{036E7091-73B2-4590-9E13-A39CED2B732E}"
EndProject
Project("{FAE04EC0-301F-11D3-BF4B-00C04F79EFBC}") = "gc.api", "gc.api\gc.api.csproj", "{E1EDDC24-622D-47BE-BACA-314B85745D4F}"
EndProject
Project("{FAE04EC0-301F-11D3-BF4B-00C04F79EFBC}") = "gc.api.core", "gc.api.core\gc.api.core.csproj", "{971440CF-EFE6-4EB0-BA3E-8DEEE9A396AF}"
EndProject
Project("{FAE04EC0-301F-11D3-BF4B-00C04F79EFBC}") = "gc.api.infra", "gc.api.infra\gc.api.infra.csproj", "{997C3855-0513-4637-9ED1-A0769D4AD616}"
EndProject
Project("{2150E333-8FDC-42A3-9474-1A3956D46DE8}") = "01-Comun", "01-Comun", "{9C699961-ADB4-400D-A325-2EC186E0631D}"
EndProject
Project("{FAE04EC0-301F-11D3-BF4B-00C04F79EFBC}") = "gc.infraestructura", "gc.infraestructura\gc.infraestructura.csproj", "{DD951F08-FA84-4D3A-BA30-C3629355D19D}"
EndProject
Project("{2150E333-8FDC-42A3-9474-1A3956D46DE8}") = "Solution Items", "Solution Items", "{8D1803F9-9472-47C5-8C68-A1BFB98225EA}"
	ProjectSection(SolutionItems) = preProject
		.editorconfig = .editorconfig
	EndProjectSection
EndProject
Global
	GlobalSection(SolutionConfigurationPlatforms) = preSolution
		Debug|Any CPU = Debug|Any CPU
		Release|Any CPU = Release|Any CPU
	EndGlobalSection
	GlobalSection(ProjectConfigurationPlatforms) = postSolution
		{E1EDDC24-622D-47BE-BACA-314B85745D4F}.Debug|Any CPU.ActiveCfg = Debug|Any CPU
		{E1EDDC24-622D-47BE-BACA-314B85745D4F}.Debug|Any CPU.Build.0 = Debug|Any CPU
		{E1EDDC24-622D-47BE-BACA-314B85745D4F}.Release|Any CPU.ActiveCfg = Release|Any CPU
		{E1EDDC24-622D-47BE-BACA-314B85745D4F}.Release|Any CPU.Build.0 = Release|Any CPU
		{971440CF-EFE6-4EB0-BA3E-8DEEE9A396AF}.Debug|Any CPU.ActiveCfg = Debug|Any CPU
		{971440CF-EFE6-4EB0-BA3E-8DEEE9A396AF}.Debug|Any CPU.Build.0 = Debug|Any CPU
		{971440CF-EFE6-4EB0-BA3E-8DEEE9A396AF}.Release|Any CPU.ActiveCfg = Release|Any CPU
		{971440CF-EFE6-4EB0-BA3E-8DEEE9A396AF}.Release|Any CPU.Build.0 = Release|Any CPU
		{997C3855-0513-4637-9ED1-A0769D4AD616}.Debug|Any CPU.ActiveCfg = Debug|Any CPU
		{997C3855-0513-4637-9ED1-A0769D4AD616}.Debug|Any CPU.Build.0 = Debug|Any CPU
		{997C3855-0513-4637-9ED1-A0769D4AD616}.Release|Any CPU.ActiveCfg = Release|Any CPU
		{997C3855-0513-4637-9ED1-A0769D4AD616}.Release|Any CPU.Build.0 = Release|Any CPU
		{DD951F08-FA84-4D3A-BA30-C3629355D19D}.Debug|Any CPU.ActiveCfg = Debug|Any CPU
		{DD951F08-FA84-4D3A-BA30-C3629355D19D}.Debug|Any CPU.Build.0 = Debug|Any CPU
		{DD951F08-FA84-4D3A-BA30-C3629355D19D}.Release|Any CPU.ActiveCfg = Release|Any CPU
		{DD951F08-FA84-4D3A-BA30-C3629355D19D}.Release|Any CPU.Build.0 = Release|Any CPU
	EndGlobalSection
	GlobalSection(SolutionProperties) = preSolution
		HideSolutionNode = FALSE
	EndGlobalSection
	GlobalSection(NestedProjects) = preSolution
		{2F6199AE-4876-43D4-BCA0-FE53F45C8E22} = {1D45B888-5341-40B2-AF69-652603A59436}
		{F9DF888E-2949-40D8-B3F0-18D598BFEF64} = {1D45B888-5341-40B2-AF69-652603A59436}
		{863DFD3A-FB01-4616-9DF5-86BF15679496} = {160763C6-DD15-4438-A051-138BAF4F3689}
		{DBF2C37F-382D-4DD5-88D6-C88B05A3B73B} = {160763C6-DD15-4438-A051-138BAF4F3689}
		{036E7091-73B2-4590-9E13-A39CED2B732E} = {160763C6-DD15-4438-A051-138BAF4F3689}
		{E1EDDC24-622D-47BE-BACA-314B85745D4F} = {863DFD3A-FB01-4616-9DF5-86BF15679496}
		{971440CF-EFE6-4EB0-BA3E-8DEEE9A396AF} = {DBF2C37F-382D-4DD5-88D6-C88B05A3B73B}
		{997C3855-0513-4637-9ED1-A0769D4AD616} = {036E7091-73B2-4590-9E13-A39CED2B732E}
		{9C699961-ADB4-400D-A325-2EC186E0631D} = {14A787D0-7779-4B84-AE49-AE69455BA3A9}
		{DD951F08-FA84-4D3A-BA30-C3629355D19D} = {9C699961-ADB4-400D-A325-2EC186E0631D}
	EndGlobalSection
	GlobalSection(ExtensibilityGlobals) = postSolution
		SolutionGuid = {424B23CE-287A-4EFC-A604-29DE25F8159C}
	EndGlobalSection
EndGlobal
