
Microsoft Visual Studio Solution File, Format Version 12.00
# Visual Studio Version 17
VisualStudioVersion = 17.7.34202.233
MinimumVisualStudioVersion = 10.0.40219.1
Project("{2150E333-8FDC-42A3-9474-1A3956D46DE8}") = "01-FRONTEND", "01-FRONTEND", "{1D45B888-5341-40B2-AF69-652603A59436}"
EndProject
Project("{2150E333-8FDC-42A3-9474-1A3956D46DE8}") = "02-BACKEND", "02-BACKEND", "{160763C6-DD15-4438-A051-138BAF4F3689}"
EndProject
Project("{2150E333-8FDC-42A3-9474-1A3956D46DE8}") = "03-INFRAESTRUCTURA", "03-INFRAESTRUCTURA", "{14A787D0-7779-4B84-AE49-AE69455BA3A9}"
EndProject
Project("{2150E333-8FDC-42A3-9474-1A3956D46DE8}") = "01-SITIO", "01-SITIO", "{2F6199AE-4876-43D4-BCA0-FE53F45C8E22}"
EndProject
Project("{2150E333-8FDC-42A3-9474-1A3956D46DE8}") = "02-SITIO-CORE", "02-SITIO-CORE", "{F9DF888E-2949-40D8-B3F0-18D598BFEF64}"
EndProject
Project("{2150E333-8FDC-42A3-9474-1A3956D46DE8}") = "01-APIs", "01-APIs", "{863DFD3A-FB01-4616-9DF5-86BF15679496}"
EndProject
Project("{2150E333-8FDC-42A3-9474-1A3956D46DE8}") = "02-API_CORE", "02-API_CORE", "{DBF2C37F-382D-4DD5-88D6-C88B05A3B73B}"
EndProject
Project("{2150E333-8FDC-42A3-9474-1A3956D46DE8}") = "03-API-INFRAESTRUCTURA", "03-API-INFRAESTRUCTURA", "{036E7091-73B2-4590-9E13-A39CED2B732E}"
EndProject
Project("{9A19103F-16F7-4668-BE54-9A1E7A4F7556}") = "gc.api", "gc.api\gc.api.csproj", "{E1EDDC24-622D-47BE-BACA-314B85745D4F}"
EndProject
Project("{9A19103F-16F7-4668-BE54-9A1E7A4F7556}") = "gc.api.core", "gc.api.core\gc.api.core.csproj", "{971440CF-EFE6-4EB0-BA3E-8DEEE9A396AF}"
EndProject
Project("{9A19103F-16F7-4668-BE54-9A1E7A4F7556}") = "gc.api.infra", "gc.api.infra\gc.api.infra.csproj", "{997C3855-0513-4637-9ED1-A0769D4AD616}"
EndProject
Project("{2150E333-8FDC-42A3-9474-1A3956D46DE8}") = "01-Comun", "01-Comun", "{9C699961-ADB4-400D-A325-2EC186E0631D}"
EndProject
Project("{9A19103F-16F7-4668-BE54-9A1E7A4F7556}") = "gc.infraestructura", "gc.infraestructura\gc.infraestructura.csproj", "{DD951F08-FA84-4D3A-BA30-C3629355D19D}"
EndProject
Project("{2150E333-8FDC-42A3-9474-1A3956D46DE8}") = "Solution Items", "Solution Items", "{8D1803F9-9472-47C5-8C68-A1BFB98225EA}"
	ProjectSection(SolutionItems) = preProject
		.editorconfig = .editorconfig
	EndProjectSection
EndProject
Project("{9A19103F-16F7-4668-BE54-9A1E7A4F7556}") = "gc.sitio", "gc.sitio\gc.sitio.csproj", "{859142DE-8069-4568-B9A8-D1E23F2BF5C5}"
EndProject
Project("{9A19103F-16F7-4668-BE54-9A1E7A4F7556}") = "gc.sitio.core", "gc.sitio.core\gc.sitio.core.csproj", "{29A6E240-7B41-4E9A-B0AC-978B9A18E990}"
EndProject
Project("{2150E333-8FDC-42A3-9474-1A3956D46DE8}") = "00-NOTIFICACION", "00-NOTIFICACION", "{E95A445D-BA86-469A-95C8-31ED7E77ECC7}"
EndProject
Project("{9A19103F-16F7-4668-BE54-9A1E7A4F7556}") = "gc.notificacion.api", "gc.notificacion.api\gc.notificacion.api.csproj", "{933555AE-3723-48B0-BF61-E2884D6DA755}"
EndProject
Project("{2150E333-8FDC-42A3-9474-1A3956D46DE8}") = "00-LAB", "00-LAB", "{B6A30A16-A76E-42B3-9BF9-BED41E187AB2}"
EndProject
Project("{9A19103F-16F7-4668-BE54-9A1E7A4F7556}") = "gc.calculaHmac", "gc.calculaHmac\gc.calculaHmac.csproj", "{BC6851FD-0F15-4A89-8AB9-87E1B51B678B}"
EndProject
Project("{9A19103F-16F7-4668-BE54-9A1E7A4F7556}") = "GeneradorClaves", "GeneradorClaves\GeneradorClaves.csproj", "{4C252584-D085-4C79-B4DC-F253FFE2CBB6}"
EndProject
Project("{2150E333-8FDC-42A3-9474-1A3956D46DE8}") = "00-Start", "00-Start", "{AA00D7A0-7DC8-48AA-8103-F1F7B1719172}"
EndProject
Project("{9A19103F-16F7-4668-BE54-9A1E7A4F7556}") = "SplashGeco", "SplashGeco\SplashGeco.csproj", "{622680CC-B87B-4EB0-9FEC-1458D34FAF29}"
EndProject
Global
	GlobalSection(SolutionConfigurationPlatforms) = preSolution
		Debug|Any CPU = Debug|Any CPU
		Release|Any CPU = Release|Any CPU
	EndGlobalSection
	GlobalSection(ProjectConfigurationPlatforms) = postSolution
		{E1EDDC24-622D-47BE-BACA-314B85745D4F}.Debug|Any CPU.ActiveCfg = Debug|Any CPU
		{E1EDDC24-622D-47BE-BACA-314B85745D4F}.Debug|Any CPU.Build.0 = Debug|Any CPU
		{E1EDDC24-622D-47BE-BACA-314B85745D4F}.Release|Any CPU.ActiveCfg = Release|Any CPU
		{E1EDDC24-622D-47BE-BACA-314B85745D4F}.Release|Any CPU.Build.0 = Release|Any CPU
		{971440CF-EFE6-4EB0-BA3E-8DEEE9A396AF}.Debug|Any CPU.ActiveCfg = Debug|Any CPU
		{971440CF-EFE6-4EB0-BA3E-8DEEE9A396AF}.Debug|Any CPU.Build.0 = Debug|Any CPU
		{971440CF-EFE6-4EB0-BA3E-8DEEE9A396AF}.Release|Any CPU.ActiveCfg = Release|Any CPU
		{971440CF-EFE6-4EB0-BA3E-8DEEE9A396AF}.Release|Any CPU.Build.0 = Release|Any CPU
		{997C3855-0513-4637-9ED1-A0769D4AD616}.Debug|Any CPU.ActiveCfg = Debug|Any CPU
		{997C3855-0513-4637-9ED1-A0769D4AD616}.Debug|Any CPU.Build.0 = Debug|Any CPU
		{997C3855-0513-4637-9ED1-A0769D4AD616}.Release|Any CPU.ActiveCfg = Release|Any CPU
		{997C3855-0513-4637-9ED1-A0769D4AD616}.Release|Any CPU.Build.0 = Release|Any CPU
		{DD951F08-FA84-4D3A-BA30-C3629355D19D}.Debug|Any CPU.ActiveCfg = Debug|Any CPU
		{DD951F08-FA84-4D3A-BA30-C3629355D19D}.Debug|Any CPU.Build.0 = Debug|Any CPU
		{DD951F08-FA84-4D3A-BA30-C3629355D19D}.Release|Any CPU.ActiveCfg = Release|Any CPU
		{DD951F08-FA84-4D3A-BA30-C3629355D19D}.Release|Any CPU.Build.0 = Release|Any CPU
		{859142DE-8069-4568-B9A8-D1E23F2BF5C5}.Debug|Any CPU.ActiveCfg = Debug|Any CPU
		{859142DE-8069-4568-B9A8-D1E23F2BF5C5}.Debug|Any CPU.Build.0 = Debug|Any CPU
		{859142DE-8069-4568-B9A8-D1E23F2BF5C5}.Release|Any CPU.ActiveCfg = Release|Any CPU
		{859142DE-8069-4568-B9A8-D1E23F2BF5C5}.Release|Any CPU.Build.0 = Release|Any CPU
		{29A6E240-7B41-4E9A-B0AC-978B9A18E990}.Debug|Any CPU.ActiveCfg = Debug|Any CPU
		{29A6E240-7B41-4E9A-B0AC-978B9A18E990}.Debug|Any CPU.Build.0 = Debug|Any CPU
		{29A6E240-7B41-4E9A-B0AC-978B9A18E990}.Release|Any CPU.ActiveCfg = Release|Any CPU
		{29A6E240-7B41-4E9A-B0AC-978B9A18E990}.Release|Any CPU.Build.0 = Release|Any CPU
		{933555AE-3723-48B0-BF61-E2884D6DA755}.Debug|Any CPU.ActiveCfg = Debug|Any CPU
		{933555AE-3723-48B0-BF61-E2884D6DA755}.Debug|Any CPU.Build.0 = Debug|Any CPU
		{933555AE-3723-48B0-BF61-E2884D6DA755}.Release|Any CPU.ActiveCfg = Release|Any CPU
		{933555AE-3723-48B0-BF61-E2884D6DA755}.Release|Any CPU.Build.0 = Release|Any CPU
		{BC6851FD-0F15-4A89-8AB9-87E1B51B678B}.Debug|Any CPU.ActiveCfg = Debug|Any CPU
		{BC6851FD-0F15-4A89-8AB9-87E1B51B678B}.Debug|Any CPU.Build.0 = Debug|Any CPU
		{BC6851FD-0F15-4A89-8AB9-87E1B51B678B}.Release|Any CPU.ActiveCfg = Release|Any CPU
		{BC6851FD-0F15-4A89-8AB9-87E1B51B678B}.Release|Any CPU.Build.0 = Release|Any CPU
		{4C252584-D085-4C79-B4DC-F253FFE2CBB6}.Debug|Any CPU.ActiveCfg = Debug|Any CPU
		{4C252584-D085-4C79-B4DC-F253FFE2CBB6}.Debug|Any CPU.Build.0 = Debug|Any CPU
		{4C252584-D085-4C79-B4DC-F253FFE2CBB6}.Release|Any CPU.ActiveCfg = Release|Any CPU
		{4C252584-D085-4C79-B4DC-F253FFE2CBB6}.Release|Any CPU.Build.0 = Release|Any CPU
		{622680CC-B87B-4EB0-9FEC-1458D34FAF29}.Debug|Any CPU.ActiveCfg = Debug|Any CPU
		{622680CC-B87B-4EB0-9FEC-1458D34FAF29}.Debug|Any CPU.Build.0 = Debug|Any CPU
		{622680CC-B87B-4EB0-9FEC-1458D34FAF29}.Release|Any CPU.ActiveCfg = Release|Any CPU
		{622680CC-B87B-4EB0-9FEC-1458D34FAF29}.Release|Any CPU.Build.0 = Release|Any CPU
	EndGlobalSection
	GlobalSection(SolutionProperties) = preSolution
		HideSolutionNode = FALSE
	EndGlobalSection
	GlobalSection(NestedProjects) = preSolution
		{160763C6-DD15-4438-A051-138BAF4F3689} = {F9DF888E-2949-40D8-B3F0-18D598BFEF64}
		{2F6199AE-4876-43D4-BCA0-FE53F45C8E22} = {1D45B888-5341-40B2-AF69-652603A59436}
		{F9DF888E-2949-40D8-B3F0-18D598BFEF64} = {1D45B888-5341-40B2-AF69-652603A59436}
		{863DFD3A-FB01-4616-9DF5-86BF15679496} = {160763C6-DD15-4438-A051-138BAF4F3689}
		{DBF2C37F-382D-4DD5-88D6-C88B05A3B73B} = {160763C6-DD15-4438-A051-138BAF4F3689}
		{036E7091-73B2-4590-9E13-A39CED2B732E} = {160763C6-DD15-4438-A051-138BAF4F3689}
		{E1EDDC24-622D-47BE-BACA-314B85745D4F} = {863DFD3A-FB01-4616-9DF5-86BF15679496}
		{971440CF-EFE6-4EB0-BA3E-8DEEE9A396AF} = {DBF2C37F-382D-4DD5-88D6-C88B05A3B73B}
		{997C3855-0513-4637-9ED1-A0769D4AD616} = {036E7091-73B2-4590-9E13-A39CED2B732E}
		{9C699961-ADB4-400D-A325-2EC186E0631D} = {14A787D0-7779-4B84-AE49-AE69455BA3A9}
		{DD951F08-FA84-4D3A-BA30-C3629355D19D} = {9C699961-ADB4-400D-A325-2EC186E0631D}
		{859142DE-8069-4568-B9A8-D1E23F2BF5C5} = {2F6199AE-4876-43D4-BCA0-FE53F45C8E22}
		{29A6E240-7B41-4E9A-B0AC-978B9A18E990} = {F9DF888E-2949-40D8-B3F0-18D598BFEF64}
		{E95A445D-BA86-469A-95C8-31ED7E77ECC7} = {1D45B888-5341-40B2-AF69-652603A59436}
		{933555AE-3723-48B0-BF61-E2884D6DA755} = {E95A445D-BA86-469A-95C8-31ED7E77ECC7}
		{B6A30A16-A76E-42B3-9BF9-BED41E187AB2} = {1D45B888-5341-40B2-AF69-652603A59436}
		{BC6851FD-0F15-4A89-8AB9-87E1B51B678B} = {B6A30A16-A76E-42B3-9BF9-BED41E187AB2}
		{4C252584-D085-4C79-B4DC-F253FFE2CBB6} = {B6A30A16-A76E-42B3-9BF9-BED41E187AB2}
		{AA00D7A0-7DC8-48AA-8103-F1F7B1719172} = {1D45B888-5341-40B2-AF69-652603A59436}
		{622680CC-B87B-4EB0-9FEC-1458D34FAF29} = {AA00D7A0-7DC8-48AA-8103-F1F7B1719172}
	EndGlobalSection
	GlobalSection(ExtensibilityGlobals) = postSolution
		SolutionGuid = {424B23CE-287A-4EFC-A604-29DE25F8159C}
	EndGlobalSection
EndGlobal
